
Microsoft Visual Studio Solution File, Format Version 12.00
Project("{FAE04EC0-301F-11D3-BF4B-00C04F79EFBC}") = "FileProcessorApp", "FileProcessorApp\FileProcessorApp.csproj", "{B985BDA7-C8AD-47D9-BD0D-B3A8BB301B64}"
EndProject
Project("{FAE04EC0-301F-11D3-BF4B-00C04F79EFBC}") = "OPI_TextEditor", "OPI_TextEditor\OPI_TextEditor.csproj", "{044B952C-1D17-46BB-BF06-0A9F00916FF5}"
EndProject
Global
	GlobalSection(SolutionConfigurationPlatforms) = preSolution
		Debug|Any CPU = Debug|Any CPU
		Release|Any CPU = Release|Any CPU
	EndGlobalSection
	GlobalSection(ProjectConfigurationPlatforms) = postSolution
		{B985BDA7-C8AD-47D9-BD0D-B3A8BB301B64}.Debug|Any CPU.ActiveCfg = Debug|Any CPU
		{B985BDA7-C8AD-47D9-BD0D-B3A8BB301B64}.Debug|Any CPU.Build.0 = Debug|Any CPU
		{B985BDA7-C8AD-47D9-BD0D-B3A8BB301B64}.Release|Any CPU.ActiveCfg = Release|Any CPU
		{B985BDA7-C8AD-47D9-BD0D-B3A8BB301B64}.Release|Any CPU.Build.0 = Release|Any CPU
		{044B952C-1D17-46BB-BF06-0A9F00916FF5}.Debug|Any CPU.ActiveCfg = Debug|Any CPU
		{044B952C-1D17-46BB-BF06-0A9F00916FF5}.Debug|Any CPU.Build.0 = Debug|Any CPU
		{044B952C-1D17-46BB-BF06-0A9F00916FF5}.Release|Any CPU.ActiveCfg = Release|Any CPU
		{044B952C-1D17-46BB-BF06-0A9F00916FF5}.Release|Any CPU.Build.0 = Release|Any CPU
	EndGlobalSection
EndGlobal
